// !$*UTF8*$!
{
	archiveVersion = 1;
	classes = {
	};
	objectVersion = 55;
	objects = {

/* Begin PBXBuildFile section */
		BB2755452825BDFC00E814AD /* AppDelegate.swift in Sources */ = {isa = PBXBuildFile; fileRef = BB2755442825BDFC00E814AD /* AppDelegate.swift */; };
		BB2755472825BDFC00E814AD /* SceneDelegate.swift in Sources */ = {isa = PBXBuildFile; fileRef = BB2755462825BDFC00E814AD /* SceneDelegate.swift */; };
		BB2755492825BDFC00E814AD /* ViewController.swift in Sources */ = {isa = PBXBuildFile; fileRef = BB2755482825BDFC00E814AD /* ViewController.swift */; };
		BB27554C2825BDFC00E814AD /* Main.storyboard in Resources */ = {isa = PBXBuildFile; fileRef = BB27554A2825BDFC00E814AD /* Main.storyboard */; };
		BB27554E2825BE0000E814AD /* Assets.xcassets in Resources */ = {isa = PBXBuildFile; fileRef = BB27554D2825BE0000E814AD /* Assets.xcassets */; };
		BB2755512825BE0000E814AD /* LaunchScreen.storyboard in Resources */ = {isa = PBXBuildFile; fileRef = BB27554F2825BE0000E814AD /* LaunchScreen.storyboard */; };
		BB2755592825C00800E814AD /* Model.swift in Sources */ = {isa = PBXBuildFile; fileRef = BB2755582825C00800E814AD /* Model.swift */; };
		BB27555B2825C16C00E814AD /* WeatherTableViewCell.swift in Sources */ = {isa = PBXBuildFile; fileRef = BB27555A2825C16C00E814AD /* WeatherTableViewCell.swift */; };
/* End PBXBuildFile section */

/* Begin PBXFileReference section */
		BB2755412825BDFC00E814AD /* SImpleWeatherApp.app */ = {isa = PBXFileReference; explicitFileType = wrapper.application; includeInIndex = 0; path = SImpleWeatherApp.app; sourceTree = BUILT_PRODUCTS_DIR; };
		BB2755442825BDFC00E814AD /* AppDelegate.swift */ = {isa = PBXFileReference; lastKnownFileType = sourcecode.swift; path = AppDelegate.swift; sourceTree = "<group>"; };
		BB2755462825BDFC00E814AD /* SceneDelegate.swift */ = {isa = PBXFileReference; lastKnownFileType = sourcecode.swift; path = SceneDelegate.swift; sourceTree = "<group>"; };
		BB2755482825BDFC00E814AD /* ViewController.swift */ = {isa = PBXFileReference; lastKnownFileType = sourcecode.swift; path = ViewController.swift; sourceTree = "<group>"; };
		BB27554B2825BDFC00E814AD /* Base */ = {isa = PBXFileReference; lastKnownFileType = file.storyboard; name = Base; path = Base.lproj/Main.storyboard; sourceTree = "<group>"; };
		BB27554D2825BE0000E814AD /* Assets.xcassets */ = {isa = PBXFileReference; lastKnownFileType = folder.assetcatalog; path = Assets.xcassets; sourceTree = "<group>"; };
		BB2755502825BE0000E814AD /* Base */ = {isa = PBXFileReference; lastKnownFileType = file.storyboard; name = Base; path = Base.lproj/LaunchScreen.storyboard; sourceTree = "<group>"; };
		BB2755522825BE0000E814AD /* Info.plist */ = {isa = PBXFileReference; lastKnownFileType = text.plist.xml; path = Info.plist; sourceTree = "<group>"; };
		BB2755582825C00800E814AD /* Model.swift */ = {isa = PBXFileReference; lastKnownFileType = sourcecode.swift; path = Model.swift; sourceTree = "<group>"; };
		BB27555A2825C16C00E814AD /* WeatherTableViewCell.swift */ = {isa = PBXFileReference; lastKnownFileType = sourcecode.swift; path = WeatherTableViewCell.swift; sourceTree = "<group>"; };
/* End PBXFileReference section */

/* Begin PBXFrameworksBuildPhase section */
		BB27553E2825BDFC00E814AD /* Frameworks */ = {
			isa = PBXFrameworksBuildPhase;
			buildActionMask = 2147483647;
			files = (
			);
			runOnlyForDeploymentPostprocessing = 0;
		};
/* End PBXFrameworksBuildPhase section */

/* Begin PBXGroup section */
		BB2755382825BDFC00E814AD = {
			isa = PBXGroup;
			children = (
				BB2755432825BDFC00E814AD /* SImpleWeatherApp */,
				BB2755422825BDFC00E814AD /* Products */,
			);
			sourceTree = "<group>";
		};
		BB2755422825BDFC00E814AD /* Products */ = {
			isa = PBXGroup;
			children = (
				BB2755412825BDFC00E814AD /* SImpleWeatherApp.app */,
			);
			name = Products;
			sourceTree = "<group>";
		};
		BB2755432825BDFC00E814AD /* SImpleWeatherApp */ = {
			isa = PBXGroup;
			children = (
				BB72066D2825D29900DE151E /* Delegate */,
				BB72066C2825D28E00DE151E /* ViewController */,
				BB72066B2825D28300DE151E /* Model */,
				BB27554A2825BDFC00E814AD /* Main.storyboard */,
				BB27554D2825BE0000E814AD /* Assets.xcassets */,
				BB27554F2825BE0000E814AD /* LaunchScreen.storyboard */,
				BB2755522825BE0000E814AD /* Info.plist */,
			);
			path = SImpleWeatherApp;
			sourceTree = "<group>";
		};
		BB72066B2825D28300DE151E /* Model */ = {
			isa = PBXGroup;
			children = (
				BB27555A2825C16C00E814AD /* WeatherTableViewCell.swift */,
				BB2755582825C00800E814AD /* Model.swift */,
			);
			path = Model;
			sourceTree = "<group>";
		};
		BB72066C2825D28E00DE151E /* ViewController */ = {
			isa = PBXGroup;
			children = (
				BB2755482825BDFC00E814AD /* ViewController.swift */,
			);
			path = ViewController;
			sourceTree = "<group>";
		};
		BB72066D2825D29900DE151E /* Delegate */ = {
			isa = PBXGroup;
			children = (
				BB2755442825BDFC00E814AD /* AppDelegate.swift */,
				BB2755462825BDFC00E814AD /* SceneDelegate.swift */,
			);
			path = Delegate;
			sourceTree = "<group>";
		};
/* End PBXGroup section */

/* Begin PBXNativeTarget section */
		BB2755402825BDFC00E814AD /* SImpleWeatherApp */ = {
			isa = PBXNativeTarget;
			buildConfigurationList = BB2755552825BE0000E814AD /* Build configuration list for PBXNativeTarget "SImpleWeatherApp" */;
			buildPhases = (
				BB27553D2825BDFC00E814AD /* Sources */,
				BB27553E2825BDFC00E814AD /* Frameworks */,
				BB27553F2825BDFC00E814AD /* Resources */,
			);
			buildRules = (
			);
			dependencies = (
			);
			name = SImpleWeatherApp;
			productName = SImpleWeatherApp;
			productReference = BB2755412825BDFC00E814AD /* SImpleWeatherApp.app */;
			productType = "com.apple.product-type.application";
		};
/* End PBXNativeTarget section */

/* Begin PBXProject section */
		BB2755392825BDFC00E814AD /* Project object */ = {
			isa = PBXProject;
			attributes = {
				BuildIndependentTargetsInParallel = 1;
				LastSwiftUpdateCheck = 1330;
				LastUpgradeCheck = 1330;
				TargetAttributes = {
					BB2755402825BDFC00E814AD = {
						CreatedOnToolsVersion = 13.3.1;
					};
				};
			};
			buildConfigurationList = BB27553C2825BDFC00E814AD /* Build configuration list for PBXProject "SImpleWeatherApp" */;
			compatibilityVersion = "Xcode 13.0";
			developmentRegion = en;
			hasScannedForEncodings = 0;
			knownRegions = (
				en,
				Base,
			);
			mainGroup = BB2755382825BDFC00E814AD;
			productRefGroup = BB2755422825BDFC00E814AD /* Products */;
			projectDirPath = "";
			projectRoot = "";
			targets = (
				BB2755402825BDFC00E814AD /* SImpleWeatherApp */,
			);
		};
/* End PBXProject section */

/* Begin PBXResourcesBuildPhase section */
		BB27553F2825BDFC00E814AD /* Resources */ = {
			isa = PBXResourcesBuildPhase;
			buildActionMask = 2147483647;
			files = (
				BB2755512825BE0000E814AD /* LaunchScreen.storyboard in Resources */,
				BB27554E2825BE0000E814AD /* Assets.xcassets in Resources */,
				BB27554C2825BDFC00E814AD /* Main.storyboard in Resources */,
			);
			runOnlyForDeploymentPostprocessing = 0;
		};
/* End PBXResourcesBuildPhase section */

/* Begin PBXSourcesBuildPhase section */
		BB27553D2825BDFC00E814AD /* Sources */ = {
			isa = PBXSourcesBuildPhase;
			buildActionMask = 2147483647;
			files = (
				BB27555B2825C16C00E814AD /* WeatherTableViewCell.swift in Sources */,
				BB2755492825BDFC00E814AD /* ViewController.swift in Sources */,
				BB2755452825BDFC00E814AD /* AppDelegate.swift in Sources */,
				BB2755472825BDFC00E814AD /* SceneDelegate.swift in Sources */,
				BB2755592825C00800E814AD /* Model.swift in Sources */,
			);
			runOnlyForDeploymentPostprocessing = 0;
		};
/* End PBXSourcesBuildPhase section */

/* Begin PBXVariantGroup section */
		BB27554A2825BDFC00E814AD /* Main.storyboard */ = {
			isa = PBXVariantGroup;
			children = (
				BB27554B2825BDFC00E814AD /* Base */,
			);
			name = Main.storyboard;
			sourceTree = "<group>";
		};
		BB27554F2825BE0000E814AD /* LaunchScreen.storyboard */ = {
			isa = PBXVariantGroup;
			children = (
				BB2755502825BE0000E814AD /* Base */,
			);
			name = LaunchScreen.storyboard;
			sourceTree = "<group>";
		};
/* End PBXVariantGroup section */

/* Begin XCBuildConfiguration section */
		BB2755532825BE0000E814AD /* Debug */ = {
			isa = XCBuildConfiguration;
			buildSettings = {
				ALWAYS_SEARCH_USER_PATHS = NO;
				CLANG_ANALYZER_NONNULL = YES;
				CLANG_ANALYZER_NUMBER_OBJECT_CONVERSION = YES_AGGRESSIVE;
				CLANG_CXX_LANGUAGE_STANDARD = "gnu++17";
				CLANG_ENABLE_MODULES = YES;
				CLANG_ENABLE_OBJC_ARC = YES;
				CLANG_ENABLE_OBJC_WEAK = YES;
				CLANG_WARN_BLOCK_CAPTURE_AUTORELEASING = YES;
				CLANG_WARN_BOOL_CONVERSION = YES;
				CLANG_WARN_COMMA = YES;
				CLANG_WARN_CONSTANT_CONVERSION = YES;
				CLANG_WARN_DEPRECATED_OBJC_IMPLEMENTATIONS = YES;
				CLANG_WARN_DIRECT_OBJC_ISA_USAGE = YES_ERROR;
				CLANG_WARN_DOCUMENTATION_COMMENTS = YES;
				CLANG_WARN_EMPTY_BODY = YES;
				CLANG_WARN_ENUM_CONVERSION = YES;
				CLANG_WARN_INFINITE_RECURSION = YES;
				CLANG_WARN_INT_CONVERSION = YES;
				CLANG_WARN_NON_LITERAL_NULL_CONVERSION = YES;
				CLANG_WARN_OBJC_IMPLICIT_RETAIN_SELF = YES;
				CLANG_WARN_OBJC_LITERAL_CONVERSION = YES;
				CLANG_WARN_OBJC_ROOT_CLASS = YES_ERROR;
				CLANG_WARN_QUOTED_INCLUDE_IN_FRAMEWORK_HEADER = YES;
				CLANG_WARN_RANGE_LOOP_ANALYSIS = YES;
				CLANG_WARN_STRICT_PROTOTYPES = YES;
				CLANG_WARN_SUSPICIOUS_MOVE = YES;
				CLANG_WARN_UNGUARDED_AVAILABILITY = YES_AGGRESSIVE;
				CLANG_WARN_UNREACHABLE_CODE = YES;
				CLANG_WARN__DUPLICATE_METHOD_MATCH = YES;
				COPY_PHASE_STRIP = NO;
				DEBUG_INFORMATION_FORMAT = dwarf;
				ENABLE_STRICT_OBJC_MSGSEND = YES;
				ENABLE_TESTABILITY = YES;
				GCC_C_LANGUAGE_STANDARD = gnu11;
				GCC_DYNAMIC_NO_PIC = NO;
				GCC_NO_COMMON_BLOCKS = YES;
				GCC_OPTIMIZATION_LEVEL = 0;
				GCC_PREPROCESSOR_DEFINITIONS = (
					"DEBUG=1",
					"$(inherited)",
				);
				GCC_WARN_64_TO_32_BIT_CONVERSION = YES;
				GCC_WARN_ABOUT_RETURN_TYPE = YES_ERROR;
				GCC_WARN_UNDECLARED_SELECTOR = YES;
				GCC_WARN_UNINITIALIZED_AUTOS = YES_AGGRESSIVE;
				GCC_WARN_UNUSED_FUNCTION = YES;
				GCC_WARN_UNUSED_VARIABLE = YES;
				IPHONEOS_DEPLOYMENT_TARGET = 15.4;
				MTL_ENABLE_DEBUG_INFO = INCLUDE_SOURCE;
				MTL_FAST_MATH = YES;
				ONLY_ACTIVE_ARCH = YES;
				SDKROOT = iphoneos;
				SWIFT_ACTIVE_COMPILATION_CONDITIONS = DEBUG;
				SWIFT_OPTIMIZATION_LEVEL = "-Onone";
			};
			name = Debug;
		};
		BB2755542825BE0000E814AD /* Release */ = {
			isa = XCBuildConfiguration;
			buildSettings = {
				ALWAYS_SEARCH_USER_PATHS = NO;
				CLANG_ANALYZER_NONNULL = YES;
				CLANG_ANALYZER_NUMBER_OBJECT_CONVERSION = YES_AGGRESSIVE;
				CLANG_CXX_LANGUAGE_STANDARD = "gnu++17";
				CLANG_ENABLE_MODULES = YES;
				CLANG_ENABLE_OBJC_ARC = YES;
				CLANG_ENABLE_OBJC_WEAK = YES;
				CLANG_WARN_BLOCK_CAPTURE_AUTORELEASING = YES;
				CLANG_WARN_BOOL_CONVERSION = YES;
				CLANG_WARN_COMMA = YES;
				CLANG_WARN_CONSTANT_CONVERSION = YES;
				CLANG_WARN_DEPRECATED_OBJC_IMPLEMENTATIONS = YES;
				CLANG_WARN_DIRECT_OBJC_ISA_USAGE = YES_ERROR;
				CLANG_WARN_DOCUMENTATION_COMMENTS = YES;
				CLANG_WARN_EMPTY_BODY = YES;
				CLANG_WARN_ENUM_CONVERSION = YES;
				CLANG_WARN_INFINITE_RECURSION = YES;
				CLANG_WARN_INT_CONVERSION = YES;
				CLANG_WARN_NON_LITERAL_NULL_CONVERSION = YES;
				CLANG_WARN_OBJC_IMPLICIT_RETAIN_SELF = YES;
				CLANG_WARN_OBJC_LITERAL_CONVERSION = YES;
				CLANG_WARN_OBJC_ROOT_CLASS = YES_ERROR;
				CLANG_WARN_QUOTED_INCLUDE_IN_FRAMEWORK_HEADER = YES;
				CLANG_WARN_RANGE_LOOP_ANALYSIS = YES;
				CLANG_WARN_STRICT_PROTOTYPES = YES;
				CLANG_WARN_SUSPICIOUS_MOVE = YES;
				CLANG_WARN_UNGUARDED_AVAILABILITY = YES_AGGRESSIVE;
				CLANG_WARN_UNREACHABLE_CODE = YES;
				CLANG_WARN__DUPLICATE_METHOD_MATCH = YES;
				COPY_PHASE_STRIP = NO;
				DEBUG_INFORMATION_FORMAT = "dwarf-with-dsym";
				ENABLE_NS_ASSERTIONS = NO;
				ENABLE_STRICT_OBJC_MSGSEND = YES;
				GCC_C_LANGUAGE_STANDARD = gnu11;
				GCC_NO_COMMON_BLOCKS = YES;
				GCC_WARN_64_TO_32_BIT_CONVERSION = YES;
				GCC_WARN_ABOUT_RETURN_TYPE = YES_ERROR;
				GCC_WARN_UNDECLARED_SELECTOR = YES;
				GCC_WARN_UNINITIALIZED_AUTOS = YES_AGGRESSIVE;
				GCC_WARN_UNUSED_FUNCTION = YES;
				GCC_WARN_UNUSED_VARIABLE = YES;
				IPHONEOS_DEPLOYMENT_TARGET = 15.4;
				MTL_ENABLE_DEBUG_INFO = NO;
				MTL_FAST_MATH = YES;
				SDKROOT = iphoneos;
				SWIFT_COMPILATION_MODE = wholemodule;
				SWIFT_OPTIMIZATION_LEVEL = "-O";
				VALIDATE_PRODUCT = YES;
			};
			name = Release;
		};
		BB2755562825BE0000E814AD /* Debug */ = {
			isa = XCBuildConfiguration;
			buildSettings = {
				ASSETCATALOG_COMPILER_APPICON_NAME = AppIcon;
				ASSETCATALOG_COMPILER_GLOBAL_ACCENT_COLOR_NAME = AccentColor;
				CODE_SIGN_STYLE = Automatic;
				CURRENT_PROJECT_VERSION = 1;
				DEVELOPMENT_TEAM = 8DJABV2R3A;
				GENERATE_INFOPLIST_FILE = YES;
				INFOPLIST_FILE = SImpleWeatherApp/Info.plist;
				INFOPLIST_KEY_UIApplicationSupportsIndirectInputEvents = YES;
				INFOPLIST_KEY_UILaunchStoryboardName = LaunchScreen;
				INFOPLIST_KEY_UIMainStoryboardFile = Main;
				INFOPLIST_KEY_UISupportedInterfaceOrientations_iPad = "UIInterfaceOrientationPortrait UIInterfaceOrientationPortraitUpsideDown UIInterfaceOrientationLandscapeLeft UIInterfaceOrientationLandscapeRight";
				INFOPLIST_KEY_UISupportedInterfaceOrientations_iPhone = "UIInterfaceOrientationPortrait UIInterfaceOrientationLandscapeLeft UIInterfaceOrientationLandscapeRight";
				LD_RUNPATH_SEARCH_PATHS = (
					"$(inherited)",
					"@executable_path/Frameworks",
				);
				MARKETING_VERSION = 1.0;
				PRODUCT_BUNDLE_IDENTIFIER = com.shuffle.SImpleWeatherApp;
				PRODUCT_NAME = "$(TARGET_NAME)";
				SWIFT_EMIT_LOC_STRINGS = YES;
				SWIFT_VERSION = 5.0;
				TARGETED_DEVICE_FAMILY = "1,2";
			};
			name = Debug;
		};
		BB2755572825BE0000E814AD /* Release */ = {
			isa = XCBuildConfiguration;
			buildSettings = {
				ASSETCATALOG_COMPILER_APPICON_NAME = AppIcon;
				ASSETCATALOG_COMPILER_GLOBAL_ACCENT_COLOR_NAME = AccentColor;
				CODE_SIGN_STYLE = Automatic;
				CURRENT_PROJECT_VERSION = 1;
				DEVELOPMENT_TEAM = 8DJABV2R3A;
				GENERATE_INFOPLIST_FILE = YES;
				INFOPLIST_FILE = SImpleWeatherApp/Info.plist;
				INFOPLIST_KEY_UIApplicationSupportsIndirectInputEvents = YES;
				INFOPLIST_KEY_UILaunchStoryboardName = LaunchScreen;
				INFOPLIST_KEY_UIMainStoryboardFile = Main;
				INFOPLIST_KEY_UISupportedInterfaceOrientations_iPad = "UIInterfaceOrientationPortrait UIInterfaceOrientationPortraitUpsideDown UIInterfaceOrientationLandscapeLeft UIInterfaceOrientationLandscapeRight";
				INFOPLIST_KEY_UISupportedInterfaceOrientations_iPhone = "UIInterfaceOrientationPortrait UIInterfaceOrientationLandscapeLeft UIInterfaceOrientationLandscapeRight";
				LD_RUNPATH_SEARCH_PATHS = (
					"$(inherited)",
					"@executable_path/Frameworks",
				);
				MARKETING_VERSION = 1.0;
				PRODUCT_BUNDLE_IDENTIFIER = com.shuffle.SImpleWeatherApp;
				PRODUCT_NAME = "$(TARGET_NAME)";
				SWIFT_EMIT_LOC_STRINGS = YES;
				SWIFT_VERSION = 5.0;
				TARGETED_DEVICE_FAMILY = "1,2";
			};
			name = Release;
		};
/* End XCBuildConfiguration section */

/* Begin XCConfigurationList section */
		BB27553C2825BDFC00E814AD /* Build configuration list for PBXProject "SImpleWeatherApp" */ = {
			isa = XCConfigurationList;
			buildConfigurations = (
				BB2755532825BE0000E814AD /* Debug */,
				BB2755542825BE0000E814AD /* Release */,
			);
			defaultConfigurationIsVisible = 0;
			defaultConfigurationName = Release;
		};
		BB2755552825BE0000E814AD /* Build configuration list for PBXNativeTarget "SImpleWeatherApp" */ = {
			isa = XCConfigurationList;
			buildConfigurations = (
				BB2755562825BE0000E814AD /* Debug */,
				BB2755572825BE0000E814AD /* Release */,
			);
			defaultConfigurationIsVisible = 0;
			defaultConfigurationName = Release;
		};
/* End XCConfigurationList section */
	};
	rootObject = BB2755392825BDFC00E814AD /* Project object */;
}
